# This file was autogenerated by Stack.
# You should not edit this file by hand.
# For more information, please see the documentation at:
#   https://docs.haskellstack.org/en/stable/lock_files

packages:
- completed:
    hackage: ghc-heap-view-0.6.1@sha256:3ffe88867dde087ca300920efb765c1dc7f8b2fa5f3380c0621a7375aa357c81,3148
    pantry-tree:
      size: 547
      sha256: aab495f163d7c2e5137fa97c744491730b799daaa82569e87f1c7ad3448381d6
  original:
    hackage: ghc-heap-view-0.6.1
- completed:
    cabal-file:
      size: 5051
      sha256: 60986ab27ee4b404b7829a87af82026d7d6b475ca4fb4d95ef3d4eb7b260a659
    name: fused-effects
    version: 1.0.2.0
    git: https://github.com/fused-effects/fused-effects
    pantry-tree:
      size: 7381
      sha256: d193c4c4b78622b55ec5d16cdd91402640208de2ab1821dcc5b1c8ed8edf2d2a
    commit: 40cf33031576f179c9e4ba3f9e8a33ba642fcc91
  original:
    git: https://github.com/fused-effects/fused-effects
    commit: 40cf33031576f179c9e4ba3f9e8a33ba642fcc91
snapshots:
- completed:
    size: 508665
    url: https://raw.githubusercontent.com/commercialhaskell/stackage-snapshots/master/nightly/2020/4/1.yaml
    sha256: ec79b59e1e2bb52a973acbc8948c1685dcb409d5899fcc26189a2b7f94ca7ff3
  original: nightly-2020-04-01
