# This file was autogenerated by Stack.
# You should not edit this file by hand.
# For more information, please see the documentation at:
#   https://docs.haskellstack.org/en/stable/lock_files

packages:
- completed:
    hackage: ghc-heap-view-0.6.1@sha256:3ffe88867dde087ca300920efb765c1dc7f8b2fa5f3380c0621a7375aa357c81,3148
    pantry-tree:
      size: 547
      sha256: aab495f163d7c2e5137fa97c744491730b799daaa82569e87f1c7ad3448381d6
  original:
    hackage: ghc-heap-view-0.6.1
snapshots:
- completed:
    size: 506684
    url: https://raw.githubusercontent.com/commercialhaskell/stackage-snapshots/master/nightly/2020/3/23.yaml
    sha256: cee70491d5f2801a7cc815d6a467ba5734c1d8caa99698d957a81f1f41111258
  original: nightly-2020-03-23
