# This file was autogenerated by Stack.
# You should not edit this file by hand.
# For more information, please see the documentation at:
#   https://docs.haskellstack.org/en/stable/lock_files

packages:
- completed:
    hackage: ghc-heap-view-0.6.1@sha256:3ffe88867dde087ca300920efb765c1dc7f8b2fa5f3380c0621a7375aa357c81,3148
    pantry-tree:
      size: 547
      sha256: aab495f163d7c2e5137fa97c744491730b799daaa82569e87f1c7ad3448381d6
  original:
    hackage: ghc-heap-view-0.6.1
snapshots:
- completed:
    size: 508665
    url: https://raw.githubusercontent.com/commercialhaskell/stackage-snapshots/master/nightly/2020/4/1.yaml
    sha256: ec79b59e1e2bb52a973acbc8948c1685dcb409d5899fcc26189a2b7f94ca7ff3
  original: nightly-2020-04-01
